
Microsoft Visual Studio Solution File, Format Version 12.00
# Visual Studio 15
VisualStudioVersion = 15.0.28307.852
MinimumVisualStudioVersion = 10.0.40219.1
Project("{FAE04EC0-301F-11D3-BF4B-00C04F79EFBC}") = "PZ1_Mahno", "PZ1_Mahno\PZ1_Mahno.csproj", "{C4750DD7-A672-4075-9E78-E70119A270C5}"
EndProject
Global
	GlobalSection(SolutionConfigurationPlatforms) = preSolution
		Debug|Any CPU = Debug|Any CPU
		Release|Any CPU = Release|Any CPU
	EndGlobalSection
	GlobalSection(ProjectConfigurationPlatforms) = postSolution
		{C4750DD7-A672-4075-9E78-E70119A270C5}.Debug|Any CPU.ActiveCfg = Debug|Any CPU
		{C4750DD7-A672-4075-9E78-E70119A270C5}.Debug|Any CPU.Build.0 = Debug|Any CPU
		{C4750DD7-A672-4075-9E78-E70119A270C5}.Release|Any CPU.ActiveCfg = Release|Any CPU
		{C4750DD7-A672-4075-9E78-E70119A270C5}.Release|Any CPU.Build.0 = Release|Any CPU
	EndGlobalSection
	GlobalSection(SolutionProperties) = preSolution
		HideSolutionNode = FALSE
	EndGlobalSection
	GlobalSection(ExtensibilityGlobals) = postSolution
		SolutionGuid = {38CA3629-0F87-42D6-BA76-E9B80A215BE0}
	EndGlobalSection
EndGlobal
